<?xml version="1.0" encoding="utf-8"?>
<Project ToolsVersion="4.0" xmlns="http://schemas.microsoft.com/developer/msbuild/2003">
  <ItemGroup>
    <Filter Include="Source Files">
      <UniqueIdentifier>{4FC737F1-C7A5-4376-A066-2A32D752A2FF}</UniqueIdentifier>
      <Extensions>cpp;c;cc;cxx;c++;cppm;ixx;def;odl;idl;hpj;bat;asm;asmx</Extensions>
    </Filter>
    <Filter Include="Header Files">
      <UniqueIdentifier>{93995380-89BD-4b04-88EB-625FBE52EBFB}</UniqueIdentifier>
      <Extensions>h;hh;hpp;hxx;h++;hm;inl;inc;ipp;xsd</Extensions>
    </Filter>
    <Filter Include="Resource Files">
      <UniqueIdentifier>{67DA6AB6-F800-4c08-8B7A-83BB121AAD01}</UniqueIdentifier>
      <Extensions>rc;ico;cur;bmp;dlg;rc2;rct;bin;rgs;gif;jpg;jpeg;jpe;resx;tiff;tif;png;wav;mfcribbon-ms</Extensions>
    </Filter>
  </ItemGroup>
  <ItemGroup>
    <ClCompile Include="Main.cpp">
      <Filter>Source Files</Filter>
    </ClCompile>
    <ClCompile Include="InputManager.cpp">
      <Filter>Source Files</Filter>
    </ClCompile>
    <ClCompile Include="TileMap.cpp">
      <Filter>Source Files</Filter>
    </ClCompile>
    <ClCompile Include="SaveLoadManager.cpp">
      <Filter>Source Files</Filter>
    </ClCompile>
    <ClCompile Include="Stage.cpp">
      <Filter>Source Files</Filter>
    </ClCompile>
    <ClCompile Include="StageManager.cpp">
      <Filter>Source Files</Filter>
    </ClCompile>
    <ClCompile Include="Tile.cpp">
      <Filter>Source Files</Filter>
    </ClCompile>
    <ClCompile Include="ObjectTile.cpp">
      <Filter>Source Files</Filter>
    </ClCompile>
    <ClCompile Include="TextTile.cpp">
      <Filter>Source Files</Filter>
    </ClCompile>
    <ClCompile Include="ObjectManager.cpp">
      <Filter>Source Files</Filter>
    </ClCompile>
    <ClCompile Include="ControlManager.cpp">
      <Filter>Source Files</Filter>
    </ClCompile>
    <ClCompile Include="RuleManager.cpp">
      <Filter>Source Files</Filter>
    </ClCompile>
    <ClCompile Include="GrammerManager.cpp">
      <Filter>Source Files</Filter>
    </ClCompile>
    <ClCompile Include="NotificationManager.cpp">
      <Filter>Source Files</Filter>
    </ClCompile>
    <ClCompile Include="StateTextToTile.cpp">
      <Filter>Source Files</Filter>
    </ClCompile>
    <ClCompile Include="Object.cpp">
      <Filter>Source Files</Filter>
    </ClCompile>
    <ClCompile Include="VerbTextToTile.cpp">
      <Filter>Source Files</Filter>
    </ClCompile>
    <ClCompile Include="NounTextToTile.cpp">
      <Filter>Source Files</Filter>
    </ClCompile>
    <ClCompile Include="VerbText_IS.cpp">
      <Filter>Source Files</Filter>
    </ClCompile>
    <ClCompile Include="StateText_STOP.cpp">
      <Filter>Source Files</Filter>
    </ClCompile>
    <ClCompile Include="StateText_PUSH.cpp">
      <Filter>Source Files</Filter>
    </ClCompile>
    <ClCompile Include="NounText_BABA.cpp">
      <Filter>Source Files</Filter>
    </ClCompile>
    <ClCompile Include="StateText_YOU.cpp">
      <Filter>Source Files</Filter>
    </ClCompile>
    <ClCompile Include="NounText_ROCK.cpp">
      <Filter>Source Files</Filter>
    </ClCompile>
    <ClCompile Include="StateText_WIN.cpp">
      <Filter>Source Files</Filter>
    </ClCompile>
  </ItemGroup>
  <ItemGroup>
    <ClInclude Include="InputManager.h">
      <Filter>Header Files</Filter>
    </ClInclude>
    <ClInclude Include="Position.h">
      <Filter>Header Files</Filter>
    </ClInclude>
    <ClInclude Include="Direction.h">
      <Filter>Header Files</Filter>
    </ClInclude>
    <ClInclude Include="Movement.h">
      <Filter>Header Files</Filter>
    </ClInclude>
    <ClInclude Include="ObjectType.h">
      <Filter>Header Files</Filter>
    </ClInclude>
    <ClInclude Include="TextRole.h">
      <Filter>Header Files</Filter>
    </ClInclude>
    <ClInclude Include="ObjectRole.h">
      <Filter>Header Files</Filter>
    </ClInclude>
    <ClInclude Include="TileBackGroundType.h">
      <Filter>Header Files</Filter>
    </ClInclude>
    <ClInclude Include="Tile.h">
      <Filter>Header Files</Filter>
    </ClInclude>
    <ClInclude Include="TileMap.h">
      <Filter>Header Files</Filter>
    </ClInclude>
    <ClInclude Include="SaveLoadManager.h">
      <Filter>Header Files</Filter>
    </ClInclude>
    <ClInclude Include="Stage.h">
      <Filter>Header Files</Filter>
    </ClInclude>
    <ClInclude Include="StageManager.h">
      <Filter>Header Files</Filter>
    </ClInclude>
    <ClInclude Include="ObjectTile.h">
      <Filter>Header Files</Filter>
    </ClInclude>
    <ClInclude Include="TextTile.h">
      <Filter>Header Files</Filter>
    </ClInclude>
    <ClInclude Include="ObjectManager.h">
      <Filter>Header Files</Filter>
    </ClInclude>
    <ClInclude Include="TileObjectBase.h">
      <Filter>Header Files</Filter>
    </ClInclude>
    <ClInclude Include="ControlManager.h">
      <Filter>Header Files</Filter>
    </ClInclude>
    <ClInclude Include="RuleManager.h">
      <Filter>Header Files</Filter>
    </ClInclude>
    <ClInclude Include="GrammerManager.h">
      <Filter>Header Files</Filter>
    </ClInclude>
    <ClInclude Include="NotificationManager.h">
      <Filter>Header Files</Filter>
    </ClInclude>
    <ClInclude Include="RuleType.h">
      <Filter>Header Files</Filter>
    </ClInclude>
    <ClInclude Include="StateTextToTile.h">
      <Filter>Header Files</Filter>
    </ClInclude>
    <ClInclude Include="Object.h">
      <Filter>Header Files</Filter>
    </ClInclude>
    <ClInclude Include="VerbTextToTile.h">
      <Filter>Header Files</Filter>
    </ClInclude>
    <ClInclude Include="NounTextToTile.h">
      <Filter>Header Files</Filter>
    </ClInclude>
    <ClInclude Include="VerbText_IS.h">
      <Filter>Header Files</Filter>
    </ClInclude>
    <ClInclude Include="StateText_STOP.h">
      <Filter>Header Files</Filter>
    </ClInclude>
    <ClInclude Include="StateText_PUSH.h">
      <Filter>Header Files</Filter>
    </ClInclude>
    <ClInclude Include="NounText_BABA.h">
      <Filter>Header Files</Filter>
    </ClInclude>
    <ClInclude Include="TextType.h">
      <Filter>Header Files</Filter>
    </ClInclude>
    <ClInclude Include="NounType.h">
      <Filter>Header Files</Filter>
    </ClInclude>
    <ClInclude Include="VerbType.h">
      <Filter>Header Files</Filter>
    </ClInclude>
    <ClInclude Include="StateText_YOU.h">
      <Filter>Header Files</Filter>
    </ClInclude>
    <ClInclude Include="NounText_ROCK.h">
      <Filter>Header Files</Filter>
    </ClInclude>
    <ClInclude Include="StateText_WIN.h">
      <Filter>Header Files</Filter>
    </ClInclude>
  </ItemGroup>
</Project>